{
  "name": "sportsapps",
  "version": "1.0.0",
  "lockfileVersion": 1,
  "requires": true,
  "dependencies": {
    "@babel/polyfill": {
      "version": "7.2.5",
      "resolved": "https://registry.npmjs.org/@babel/polyfill/-/polyfill-7.2.5.tgz",
      "integrity": "sha512-8Y/t3MWThtMLYr0YNC/Q76tqN1w30+b0uQMeFUYauG2UGTR19zyUtFrAzT23zNtBxPp+LbE5E/nwV/q/r3y6ug==",
      "requires": {
        "core-js": "^2.5.7",
        "regenerator-runtime": "^0.12.0"
      }
    },
    "@coreui/coreui": {
      "version": "2.1.6",
      "resolved": "https://registry.npmjs.org/@coreui/coreui/-/coreui-2.1.6.tgz",
      "integrity": "sha512-04uY01hOXOaED85U/3IrBQpstC6wEE7fOft7nybuFy7uikTgreep6dWeNflKzWbIAMHQRwi5G0B4ZKNhgHG86w==",
      "requires": {
        "@babel/polyfill": "^7.2.5",
        "@coreui/coreui-plugin-npm-postinstall": "^1.0.2",
        "bootstrap": "^4.2.1"
      }
    },
    "@coreui/coreui-plugin-npm-postinstall": {
      "version": "1.0.2",
      "resolved": "https://registry.npmjs.org/@coreui/coreui-plugin-npm-postinstall/-/coreui-plugin-npm-postinstall-1.0.2.tgz",
      "integrity": "sha512-yeeoWp+bNS84nP1977Y8UCiQ9pssO+f4QuVj3i0/gYZFjjvOgxx0dnyWhtowD5sLYnCRMPlPpqyjwXze3SlkYg=="
    },
    "backoff": {
      "version": "2.4.1",
      "resolved": "https://registry.npmjs.org/backoff/-/backoff-2.4.1.tgz",
      "integrity": "sha1-L2jFDg3Xidvv4kIApi77BNJFbWg=",
      "requires": {
        "precond": "0.2"
      }
    },
    "bluebird": {
      "version": "2.11.0",
      "resolved": "https://registry.npmjs.org/bluebird/-/bluebird-2.11.0.tgz",
      "integrity": "sha1-U0uQM8AiyVecVro7Plpcqvu2UOE="
    },
    "bootstrap": {
      "version": "4.3.1",
      "resolved": "https://registry.npmjs.org/bootstrap/-/bootstrap-4.3.1.tgz",
      "integrity": "sha512-rXqOmH1VilAt2DyPzluTi2blhk17bO7ef+zLLPlWvG494pDxcM234pJ8wTc/6R40UWizAIIMgxjvxZg5kmsbag=="
    },
    "bson": {
      "version": "1.1.0",
      "resolved": "https://registry.npmjs.org/bson/-/bson-1.1.0.tgz",
      "integrity": "sha512-9Aeai9TacfNtWXOYarkFJRW2CWo+dRon+fuLZYJmvLV3+MiUp0bEI6IAZfXEIg7/Pl/7IWlLaDnhzTsD81etQA=="
    },
    "bulma": {
      "version": "0.7.4",
      "resolved": "https://registry.npmjs.org/bulma/-/bulma-0.7.4.tgz",
      "integrity": "sha512-krG2rP6eAX1WE0sf6O0SC/FUVSOBX4m1PBC2+GKLpb2pX0qanaDqcv9U2nu75egFrsHkI0zdWYuk/oGwoszVWg=="
    },
    "commander": {
      "version": "2.19.0",
      "resolved": "https://registry.npmjs.org/commander/-/commander-2.19.0.tgz",
      "integrity": "sha512-6tvAOO+D6OENvRAh524Dh9jcfKTYDQAqvqezbCW82xj5X0pSrcpxtvRKHLG0yBY6SD7PSDrJaj+0AiOcKVd1Xg=="
    },
    "core-js": {
      "version": "2.6.5",
      "resolved": "https://registry.npmjs.org/core-js/-/core-js-2.6.5.tgz",
      "integrity": "sha512-klh/kDpwX8hryYL14M9w/xei6vrv6sE8gTHDG7/T/+SEovB/G4ejwcfE/CBzO6Edsu+OETZMZ3wcX/EjUkrl5A=="
    },
    "d3": {
      "version": "5.9.1",
      "resolved": "https://registry.npmjs.org/d3/-/d3-5.9.1.tgz",
      "integrity": "sha512-JceuBn5VVWySPQc9EA0gfq0xQVgEQXGokHhe+359bmgGeUITLK2r2b9idMzquQne9DKxb7JDCE1gDRXe9OIF2Q==",
      "requires": {
        "d3-array": "1",
        "d3-axis": "1",
        "d3-brush": "1",
        "d3-chord": "1",
        "d3-collection": "1",
        "d3-color": "1",
        "d3-contour": "1",
        "d3-dispatch": "1",
        "d3-drag": "1",
        "d3-dsv": "1",
        "d3-ease": "1",
        "d3-fetch": "1",
        "d3-force": "1",
        "d3-format": "1",
        "d3-geo": "1",
        "d3-hierarchy": "1",
        "d3-interpolate": "1",
        "d3-path": "1",
        "d3-polygon": "1",
        "d3-quadtree": "1",
        "d3-random": "1",
        "d3-scale": "2",
        "d3-scale-chromatic": "1",
        "d3-selection": "1",
        "d3-shape": "1",
        "d3-time": "1",
        "d3-time-format": "2",
        "d3-timer": "1",
        "d3-transition": "1",
        "d3-voronoi": "1",
        "d3-zoom": "1"
      }
    },
    "d3-array": {
      "version": "1.2.4",
      "resolved": "https://registry.npmjs.org/d3-array/-/d3-array-1.2.4.tgz",
      "integrity": "sha512-KHW6M86R+FUPYGb3R5XiYjXPq7VzwxZ22buHhAEVG5ztoEcZZMLov530mmccaqA1GghZArjQV46fuc8kUqhhHw=="
    },
    "d3-axis": {
      "version": "1.0.12",
      "resolved": "https://registry.npmjs.org/d3-axis/-/d3-axis-1.0.12.tgz",
      "integrity": "sha512-ejINPfPSNdGFKEOAtnBtdkpr24c4d4jsei6Lg98mxf424ivoDP2956/5HDpIAtmHo85lqT4pruy+zEgvRUBqaQ=="
    },
    "d3-brush": {
      "version": "1.0.6",
      "resolved": "https://registry.npmjs.org/d3-brush/-/d3-brush-1.0.6.tgz",
      "integrity": "sha512-lGSiF5SoSqO5/mYGD5FAeGKKS62JdA1EV7HPrU2b5rTX4qEJJtpjaGLJngjnkewQy7UnGstnFd3168wpf5z76w==",
      "requires": {
        "d3-dispatch": "1",
        "d3-drag": "1",
        "d3-interpolate": "1",
        "d3-selection": "1",
        "d3-transition": "1"
      }
    },
    "d3-chord": {
      "version": "1.0.6",
      "resolved": "https://registry.npmjs.org/d3-chord/-/d3-chord-1.0.6.tgz",
      "integrity": "sha512-JXA2Dro1Fxw9rJe33Uv+Ckr5IrAa74TlfDEhE/jfLOaXegMQFQTAgAw9WnZL8+HxVBRXaRGCkrNU7pJeylRIuA==",
      "requires": {
        "d3-array": "1",
        "d3-path": "1"
      }
    },
    "d3-collection": {
      "version": "1.0.7",
      "resolved": "https://registry.npmjs.org/d3-collection/-/d3-collection-1.0.7.tgz",
      "integrity": "sha512-ii0/r5f4sjKNTfh84Di+DpztYwqKhEyUlKoPrzUFfeSkWxjW49xU2QzO9qrPrNkpdI0XJkfzvmTu8V2Zylln6A=="
    },
    "d3-color": {
      "version": "1.2.3",
      "resolved": "https://registry.npmjs.org/d3-color/-/d3-color-1.2.3.tgz",
      "integrity": "sha512-x37qq3ChOTLd26hnps36lexMRhNXEtVxZ4B25rL0DVdDsGQIJGB18S7y9XDwlDD6MD/ZBzITCf4JjGMM10TZkw=="
    },
    "d3-contour": {
      "version": "1.3.2",
      "resolved": "https://registry.npmjs.org/d3-contour/-/d3-contour-1.3.2.tgz",
      "integrity": "sha512-hoPp4K/rJCu0ladiH6zmJUEz6+u3lgR+GSm/QdM2BBvDraU39Vr7YdDCicJcxP1z8i9B/2dJLgDC1NcvlF8WCg==",
      "requires": {
        "d3-array": "^1.1.1"
      }
    },
    "d3-dispatch": {
      "version": "1.0.5",
      "resolved": "https://registry.npmjs.org/d3-dispatch/-/d3-dispatch-1.0.5.tgz",
      "integrity": "sha512-vwKx+lAqB1UuCeklr6Jh1bvC4SZgbSqbkGBLClItFBIYH4vqDJCA7qfoy14lXmJdnBOdxndAMxjCbImJYW7e6g=="
    },
    "d3-drag": {
      "version": "1.2.3",
      "resolved": "https://registry.npmjs.org/d3-drag/-/d3-drag-1.2.3.tgz",
      "integrity": "sha512-8S3HWCAg+ilzjJsNtWW1Mutl74Nmzhb9yU6igspilaJzeZVFktmY6oO9xOh5TDk+BM2KrNFjttZNoJJmDnkjkg==",
      "requires": {
        "d3-dispatch": "1",
        "d3-selection": "1"
      }
    },
    "d3-dsv": {
      "version": "1.1.1",
      "resolved": "https://registry.npmjs.org/d3-dsv/-/d3-dsv-1.1.1.tgz",
      "integrity": "sha512-1EH1oRGSkeDUlDRbhsFytAXU6cAmXFzc52YUe6MRlPClmWb85MP1J5x+YJRzya4ynZWnbELdSAvATFW/MbxaXw==",
      "requires": {
        "commander": "2",
        "iconv-lite": "0.4",
        "rw": "1"
      }
    },
    "d3-ease": {
      "version": "1.0.5",
      "resolved": "https://registry.npmjs.org/d3-ease/-/d3-ease-1.0.5.tgz",
      "integrity": "sha512-Ct1O//ly5y5lFM9YTdu+ygq7LleSgSE4oj7vUt9tPLHUi8VCV7QoizGpdWRWAwCO9LdYzIrQDg97+hGVdsSGPQ=="
    },
    "d3-fetch": {
      "version": "1.1.2",
      "resolved": "https://registry.npmjs.org/d3-fetch/-/d3-fetch-1.1.2.tgz",
      "integrity": "sha512-S2loaQCV/ZeyTyIF2oP8D1K9Z4QizUzW7cWeAOAS4U88qOt3Ucf6GsmgthuYSdyB2HyEm4CeGvkQxWsmInsIVA==",
      "requires": {
        "d3-dsv": "1"
      }
    },
    "d3-force": {
      "version": "1.2.0",
      "resolved": "https://registry.npmjs.org/d3-force/-/d3-force-1.2.0.tgz",
      "integrity": "sha512-PFLcDnRVANHMudbQlIB87gcfQorEsDIAvRpZ2bNddfM/WxdsEkyrEaOIPoydhH1I1V4HPjNLGOMLXCA0AuGQ9w==",
      "requires": {
        "d3-collection": "1",
        "d3-dispatch": "1",
        "d3-quadtree": "1",
        "d3-timer": "1"
      }
    },
    "d3-format": {
      "version": "1.3.2",
      "resolved": "https://registry.npmjs.org/d3-format/-/d3-format-1.3.2.tgz",
      "integrity": "sha512-Z18Dprj96ExragQ0DeGi+SYPQ7pPfRMtUXtsg/ChVIKNBCzjO8XYJvRTC1usblx52lqge56V5ect+frYTQc8WQ=="
    },
    "d3-geo": {
      "version": "1.11.3",
      "resolved": "https://registry.npmjs.org/d3-geo/-/d3-geo-1.11.3.tgz",
      "integrity": "sha512-n30yN9qSKREvV2fxcrhmHUdXP9TNH7ZZj3C/qnaoU0cVf/Ea85+yT7HY7i8ySPwkwjCNYtmKqQFTvLFngfkItQ==",
      "requires": {
        "d3-array": "1"
      }
    },
    "d3-hierarchy": {
      "version": "1.1.8",
      "resolved": "https://registry.npmjs.org/d3-hierarchy/-/d3-hierarchy-1.1.8.tgz",
      "integrity": "sha512-L+GHMSZNwTpiq4rt9GEsNcpLa4M96lXMR8M/nMG9p5hBE0jy6C+3hWtyZMenPQdwla249iJy7Nx0uKt3n+u9+w=="
    },
    "d3-interpolate": {
      "version": "1.3.2",
      "resolved": "https://registry.npmjs.org/d3-interpolate/-/d3-interpolate-1.3.2.tgz",
      "integrity": "sha512-NlNKGopqaz9qM1PXh9gBF1KSCVh+jSFErrSlD/4hybwoNX/gt1d8CDbDW+3i+5UOHhjC6s6nMvRxcuoMVNgL2w==",
      "requires": {
        "d3-color": "1"
      }
    },
    "d3-path": {
      "version": "1.0.7",
      "resolved": "https://registry.npmjs.org/d3-path/-/d3-path-1.0.7.tgz",
      "integrity": "sha512-q0cW1RpvA5c5ma2rch62mX8AYaiLX0+bdaSM2wxSU9tXjU4DNvkx9qiUvjkuWCj3p22UO/hlPivujqMiR9PDzA=="
    },
    "d3-polygon": {
      "version": "1.0.5",
      "resolved": "https://registry.npmjs.org/d3-polygon/-/d3-polygon-1.0.5.tgz",
      "integrity": "sha512-RHhh1ZUJZfhgoqzWWuRhzQJvO7LavchhitSTHGu9oj6uuLFzYZVeBzaWTQ2qSO6bz2w55RMoOCf0MsLCDB6e0w=="
    },
    "d3-quadtree": {
      "version": "1.0.6",
      "resolved": "https://registry.npmjs.org/d3-quadtree/-/d3-quadtree-1.0.6.tgz",
      "integrity": "sha512-NUgeo9G+ENQCQ1LsRr2qJg3MQ4DJvxcDNCiohdJGHt5gRhBW6orIB5m5FJ9kK3HNL8g9F4ERVoBzcEwQBfXWVA=="
    },
    "d3-random": {
      "version": "1.1.2",
      "resolved": "https://registry.npmjs.org/d3-random/-/d3-random-1.1.2.tgz",
      "integrity": "sha512-6AK5BNpIFqP+cx/sreKzNjWbwZQCSUatxq+pPRmFIQaWuoD+NrbVWw7YWpHiXpCQ/NanKdtGDuB+VQcZDaEmYQ=="
    },
    "d3-scale": {
      "version": "2.2.2",
      "resolved": "https://registry.npmjs.org/d3-scale/-/d3-scale-2.2.2.tgz",
      "integrity": "sha512-LbeEvGgIb8UMcAa0EATLNX0lelKWGYDQiPdHj+gLblGVhGLyNbaCn3EvrJf0A3Y/uOOU5aD6MTh5ZFCdEwGiCw==",
      "requires": {
        "d3-array": "^1.2.0",
        "d3-collection": "1",
        "d3-format": "1",
        "d3-interpolate": "1",
        "d3-time": "1",
        "d3-time-format": "2"
      }
    },
    "d3-scale-chromatic": {
      "version": "1.3.3",
      "resolved": "https://registry.npmjs.org/d3-scale-chromatic/-/d3-scale-chromatic-1.3.3.tgz",
      "integrity": "sha512-BWTipif1CimXcYfT02LKjAyItX5gKiwxuPRgr4xM58JwlLocWbjPLI7aMEjkcoOQXMkYsmNsvv3d2yl/OKuHHw==",
      "requires": {
        "d3-color": "1",
        "d3-interpolate": "1"
      }
    },
    "d3-selection": {
      "version": "1.4.0",
      "resolved": "https://registry.npmjs.org/d3-selection/-/d3-selection-1.4.0.tgz",
      "integrity": "sha512-EYVwBxQGEjLCKF2pJ4+yrErskDnz5v403qvAid96cNdCMr8rmCYfY5RGzWz24mdIbxmDf6/4EAH+K9xperD5jg=="
    },
    "d3-shape": {
      "version": "1.3.4",
      "resolved": "https://registry.npmjs.org/d3-shape/-/d3-shape-1.3.4.tgz",
      "integrity": "sha512-izaz4fOpOnY3CD17hkZWNxbaN70sIGagLR/5jb6RS96Y+6VqX+q1BQf1av6QSBRdfULi3Gb8Js4CzG4+KAPjMg==",
      "requires": {
        "d3-path": "1"
      }
    },
    "d3-time": {
      "version": "1.0.11",
      "resolved": "https://registry.npmjs.org/d3-time/-/d3-time-1.0.11.tgz",
      "integrity": "sha512-Z3wpvhPLW4vEScGeIMUckDW7+3hWKOQfAWg/U7PlWBnQmeKQ00gCUsTtWSYulrKNA7ta8hJ+xXc6MHrMuITwEw=="
    },
    "d3-time-format": {
      "version": "2.1.3",
      "resolved": "https://registry.npmjs.org/d3-time-format/-/d3-time-format-2.1.3.tgz",
      "integrity": "sha512-6k0a2rZryzGm5Ihx+aFMuO1GgelgIz+7HhB4PH4OEndD5q2zGn1mDfRdNrulspOfR6JXkb2sThhDK41CSK85QA==",
      "requires": {
        "d3-time": "1"
      }
    },
    "d3-timer": {
      "version": "1.0.9",
      "resolved": "https://registry.npmjs.org/d3-timer/-/d3-timer-1.0.9.tgz",
      "integrity": "sha512-rT34J5HnQUHhcLvhSB9GjCkN0Ddd5Y8nCwDBG2u6wQEeYxT/Lf51fTFFkldeib/sE/J0clIe0pnCfs6g/lRbyg=="
    },
    "d3-transition": {
      "version": "1.2.0",
      "resolved": "https://registry.npmjs.org/d3-transition/-/d3-transition-1.2.0.tgz",
      "integrity": "sha512-VJ7cmX/FPIPJYuaL2r1o1EMHLttvoIuZhhuAlRoOxDzogV8iQS6jYulDm3xEU3TqL80IZIhI551/ebmCMrkvhw==",
      "requires": {
        "d3-color": "1",
        "d3-dispatch": "1",
        "d3-ease": "1",
        "d3-interpolate": "1",
        "d3-selection": "^1.1.0",
        "d3-timer": "1"
      }
    },
    "d3-voronoi": {
      "version": "1.1.4",
      "resolved": "https://registry.npmjs.org/d3-voronoi/-/d3-voronoi-1.1.4.tgz",
      "integrity": "sha512-dArJ32hchFsrQ8uMiTBLq256MpnZjeuBtdHpaDlYuQyjU0CVzCJl/BVW+SkszaAeH95D/8gxqAhgx0ouAWAfRg=="
    },
    "d3-zoom": {
      "version": "1.7.3",
      "resolved": "https://registry.npmjs.org/d3-zoom/-/d3-zoom-1.7.3.tgz",
      "integrity": "sha512-xEBSwFx5Z9T3/VrwDkMt+mr0HCzv7XjpGURJ8lWmIC8wxe32L39eWHIasEe/e7Ox8MPU4p1hvH8PKN2olLzIBg==",
      "requires": {
        "d3-dispatch": "1",
        "d3-drag": "1",
        "d3-interpolate": "1",
        "d3-selection": "1",
        "d3-transition": "1"
      }
    },
    "debug": {
      "version": "2.6.9",
      "resolved": "https://registry.npmjs.org/debug/-/debug-2.6.9.tgz",
      "integrity": "sha512-bC7ElrdJaJnPbAP+1EotYvqZsb3ecl5wi6Bfi6BJTUcNowp6cvspg0jXznRTKDjm/E7AdgFBVeAPVMNcKGsHMA==",
      "requires": {
        "ms": "2.0.0"
      }
    },
    "iconv-lite": {
      "version": "0.4.24",
      "resolved": "https://registry.npmjs.org/iconv-lite/-/iconv-lite-0.4.24.tgz",
      "integrity": "sha512-v3MXnZAcvnywkTUEZomIActle7RXXeedOR31wwl7VlyoXO4Qi9arvSenNQWne1TcRwhCL1HwLI21bEqdpj8/rA==",
      "requires": {
        "safer-buffer": ">= 2.1.2 < 3"
      }
    },
    "inflection": {
      "version": "1.12.0",
      "resolved": "https://registry.npmjs.org/inflection/-/inflection-1.12.0.tgz",
      "integrity": "sha1-ogCTVlbW9fa8TcdQLhrstwMihBY="
    },
    "inherits": {
      "version": "1.0.0",
      "resolved": "https://registry.npmjs.org/inherits/-/inherits-1.0.0.tgz",
      "integrity": "sha1-OOGXUoW/H3upyE2hArsSdxMirEg="
    },
    "jquery": {
      "version": "3.3.1",
      "resolved": "https://registry.npmjs.org/jquery/-/jquery-3.3.1.tgz",
      "integrity": "sha512-Ubldcmxp5np52/ENotGxlLe6aGMvmF4R8S6tZjsP6Knsaxd/xp3Zrh50cG93lR6nPXyUFwzN3ZSOQI0wRJNdGg=="
    },
    "memory-pager": {
      "version": "1.5.0",
      "resolved": "https://registry.npmjs.org/memory-pager/-/memory-pager-1.5.0.tgz",
      "integrity": "sha512-ZS4Bp4r/Zoeq6+NLJpP+0Zzm0pR8whtGPf1XExKLJBAczGMnSi3It14OiNCStjQjM6NU1okjQGSxgEZN8eBYKg==",
      "optional": true
    },
    "mongodb": {
      "version": "3.1.13",
      "resolved": "https://registry.npmjs.org/mongodb/-/mongodb-3.1.13.tgz",
      "integrity": "sha512-sz2dhvBZQWf3LRNDhbd30KHVzdjZx9IKC0L+kSZ/gzYquCF5zPOgGqRz6sSCqYZtKP2ekB4nfLxhGtzGHnIKxA==",
      "requires": {
        "mongodb-core": "3.1.11",
        "safe-buffer": "^5.1.2"
      }
    },
    "mongodb-core": {
      "version": "3.1.11",
      "resolved": "https://registry.npmjs.org/mongodb-core/-/mongodb-core-3.1.11.tgz",
      "integrity": "sha512-rD2US2s5qk/ckbiiGFHeu+yKYDXdJ1G87F6CG3YdaZpzdOm5zpoAZd/EKbPmFO6cQZ+XVXBXBJ660sSI0gc6qg==",
      "requires": {
        "bson": "^1.1.0",
        "require_optional": "^1.0.1",
        "safe-buffer": "^5.1.2",
        "saslprep": "^1.0.0"
      }
    },
    "ms": {
      "version": "2.0.0",
      "resolved": "https://registry.npmjs.org/ms/-/ms-2.0.0.tgz",
      "integrity": "sha1-VgiurfwAvmwpAd9fmGF4jeDVl8g="
    },
    "node-veee": {
      "version": "1.1.0",
      "resolved": "https://registry.npmjs.org/node-veee/-/node-veee-1.1.0.tgz",
      "integrity": "sha1-L/VQT8Ab7GiAYcWXrcm7MIEYy5M=",
      "requires": {
        "seed-extend": "^1.0.0",
        "seed-queue": "^2.0.0"
      }
    },
    "perfect-scrollbar": {
      "version": "1.4.0",
      "resolved": "https://registry.npmjs.org/perfect-scrollbar/-/perfect-scrollbar-1.4.0.tgz",
      "integrity": "sha512-/2Sk/khljhdrsamjJYS5NjrH+GKEHEwh7zFSiYyxROyYKagkE4kSn2zDQDRTOMo8mpT2jikxx6yI1dG7lNP/hw=="
    },
    "popper.js": {
      "version": "1.14.7",
      "resolved": "https://registry.npmjs.org/popper.js/-/popper.js-1.14.7.tgz",
      "integrity": "sha512-4q1hNvoUre/8srWsH7hnoSJ5xVmIL4qgz+s4qf2TnJIMyZFUFMGH+9vE7mXynAlHSZ/NdTmmow86muD0myUkVQ=="
    },
    "precond": {
      "version": "0.2.3",
      "resolved": "https://registry.npmjs.org/precond/-/precond-0.2.3.tgz",
      "integrity": "sha1-qpWRvKokkj8eD0hJ0kD0fvwQdaw="
    },
    "reconnect-rethinkdb": {
      "version": "0.0.2",
      "resolved": "https://registry.npmjs.org/reconnect-rethinkdb/-/reconnect-rethinkdb-0.0.2.tgz",
      "integrity": "sha1-I6ReXoTFFu4aVqEK/7fqK3l5zTg=",
      "requires": {
        "backoff": "~2.4.0",
        "inherits": "1.0.0"
      }
    },
    "regenerator-runtime": {
      "version": "0.12.1",
      "resolved": "https://registry.npmjs.org/regenerator-runtime/-/regenerator-runtime-0.12.1.tgz",
      "integrity": "sha512-odxIc1/vDlo4iZcfXqRYFj0vpXFNoGdKMAUieAlFYO6m/nl5e9KR/beGf41z4a1FI+aQgtjhuaSlDxQ0hmkrHg=="
    },
    "require_optional": {
      "version": "1.0.1",
      "resolved": "https://registry.npmjs.org/require_optional/-/require_optional-1.0.1.tgz",
      "integrity": "sha512-qhM/y57enGWHAe3v/NcwML6a3/vfESLe/sGM2dII+gEO0BpKRUkWZow/tyloNqJyN6kXSl3RyyM8Ll5D/sJP8g==",
      "requires": {
        "resolve-from": "^2.0.0",
        "semver": "^5.1.0"
      }
    },
    "resolve-from": {
      "version": "2.0.0",
      "resolved": "https://registry.npmjs.org/resolve-from/-/resolve-from-2.0.0.tgz",
      "integrity": "sha1-lICrIOlP+h2egKgEx+oUdhGWa1c="
    },
    "rethink": {
      "version": "1.4.0",
      "resolved": "https://registry.npmjs.org/rethink/-/rethink-1.4.0.tgz",
      "integrity": "sha1-N3b32GKdF0W3hDRqkLjSp3rzJr4=",
      "requires": {
        "debug": "^2.2.0",
        "inflection": "^1.7.1",
        "node-veee": "^1.0.1",
        "reconnect-rethinkdb": "0.0.2",
        "rethinkdb": "^2.1.1",
        "seed-extend": "^1.0.0",
        "seed-queue": "^2.0.0"
      }
    },
    "rethinkdb": {
      "version": "2.3.3",
      "resolved": "https://registry.npmjs.org/rethinkdb/-/rethinkdb-2.3.3.tgz",
      "integrity": "sha1-PcZYbiL6HavuDSVOZL0ON5+tL3I=",
      "requires": {
        "bluebird": ">= 2.3.2 < 3"
      }
    },
    "rw": {
      "version": "1.3.3",
      "resolved": "https://registry.npmjs.org/rw/-/rw-1.3.3.tgz",
      "integrity": "sha1-P4Yt+pGrdmsUiF700BEkv9oHT7Q="
    },
    "safe-buffer": {
      "version": "5.1.2",
      "resolved": "https://registry.npmjs.org/safe-buffer/-/safe-buffer-5.1.2.tgz",
      "integrity": "sha512-Gd2UZBJDkXlY7GbJxfsE8/nvKkUEU1G38c1siN6QP6a9PT9MmHB8GnpscSmMJSoF8LOIrt8ud/wPtojys4G6+g=="
    },
    "safer-buffer": {
      "version": "2.1.2",
      "resolved": "https://registry.npmjs.org/safer-buffer/-/safer-buffer-2.1.2.tgz",
      "integrity": "sha512-YZo3K82SD7Riyi0E1EQPojLz7kpepnSQI9IyPbHHg1XXXevb5dJI7tpyN2ADxGcQbHG7vcyRHk0cbwqcQriUtg=="
    },
    "saslprep": {
      "version": "1.0.2",
      "resolved": "https://registry.npmjs.org/saslprep/-/saslprep-1.0.2.tgz",
      "integrity": "sha512-4cDsYuAjXssUSjxHKRe4DTZC0agDwsCqcMqtJAQPzC74nJ7LfAJflAtC1Zed5hMzEQKj82d3tuzqdGNRsLJ4Gw==",
      "optional": true,
      "requires": {
        "sparse-bitfield": "^3.0.3"
      }
    },
    "seed-extend": {
      "version": "1.0.0",
      "resolved": "https://registry.npmjs.org/seed-extend/-/seed-extend-1.0.0.tgz",
      "integrity": "sha1-r4xdjQMXhlexZAjqJ92YQh6XyRc="
    },
    "seed-queue": {
      "version": "2.1.1",
      "resolved": "https://registry.npmjs.org/seed-queue/-/seed-queue-2.1.1.tgz",
      "integrity": "sha1-raz1Zv77ml4xUEEX9P7Qex/EycY="
    },
    "semver": {
      "version": "5.6.0",
      "resolved": "https://registry.npmjs.org/semver/-/semver-5.6.0.tgz",
      "integrity": "sha512-RS9R6R35NYgQn++fkDWaOmqGoj4Ek9gGs+DPxNUZKuwE183xjJroKvyo1IzVFeXvUrvmALy6FWD5xrdJT25gMg=="
    },
    "sparse-bitfield": {
      "version": "3.0.3",
      "resolved": "https://registry.npmjs.org/sparse-bitfield/-/sparse-bitfield-3.0.3.tgz",
      "integrity": "sha1-/0rm5oZWBWuks+eSqzM004JzyhE=",
      "optional": true,
      "requires": {
        "memory-pager": "^1.0.2"
      }
    }
  }
}
